PODS:
  - ACWebSocketClient (0.1.8)

DEPENDENCIES:
  - ACWebSocketClient (from `../`)

EXTERNAL SOURCES:
  ACWebSocketClient:
    :path: "../"

SPEC CHECKSUMS:
  ACWebSocketClient: e70722d7c30bc173086cc0b5a8a99b5f11858654

PODFILE CHECKSUM: ab81701533cdf94d05c7a9725b37e4015b7bcf6f

COCOAPODS: 1.16.2
