PODS:
  - ACWebSocketClient (0.1.0)

DEPENDENCIES:
  - ACWebSocketClient (from `../`)

EXTERNAL SOURCES:
  ACWebSocketClient:
    :path: "../"

SPEC CHECKSUMS:
  ACWebSocketClient: ad6fa0aaa5720d53f48acc252d4e491a8c682f81

PODFILE CHECKSUM: ab81701533cdf94d05c7a9725b37e4015b7bcf6f

COCOAPODS: 1.16.2
