PODS:
  - ACWebSocketClient (0.1.4)

DEPENDENCIES:
  - ACWebSocketClient (from `../`)

EXTERNAL SOURCES:
  ACWebSocketClient:
    :path: "../"

SPEC CHECKSUMS:
  ACWebSocketClient: db1f37ddef7818a2afe11765e7c6736f62a95325

PODFILE CHECKSUM: ab81701533cdf94d05c7a9725b37e4015b7bcf6f

COCOAPODS: 1.16.2
